
Microsoft Visual Studio Solution File, Format Version 12.00
# Visual Studio 15
VisualStudioVersion = 15.0.26430.4
MinimumVisualStudioVersion = 10.0.40219.1
Project("{2150E333-8FDC-42A3-9474-1A3956D46DE8}") = "Misc", "Misc", "{30F5785D-8AE1-4B71-A62E-47BF16EC1009}"
	ProjectSection(SolutionItems) = preProject
		narrange.xml = narrange.xml
		Symbio.runsettings = Symbio.runsettings
	EndProjectSection
EndProject
Project("{FAE04EC0-301F-11D3-BF4B-00C04F79EFBC}") = "Symbio.Base.Model", "Symbio.Base.Model\Symbio.Base.Model.csproj", "{A3231497-34C8-4594-9A1D-E21FA214758C}"
EndProject
Project("{FAE04EC0-301F-11D3-BF4B-00C04F79EFBC}") = "Symbio.Base.Model.Tests", "Symbio.Base.Model.Tests\Symbio.Base.Model.Tests.csproj", "{49CC69AC-BE7C-4374-A375-38E18E4408A1}"
EndProject
Global
	GlobalSection(SolutionConfigurationPlatforms) = preSolution
		Debug|Any CPU = Debug|Any CPU
		Release|Any CPU = Release|Any CPU
	EndGlobalSection
	GlobalSection(ProjectConfigurationPlatforms) = postSolution
		{A3231497-34C8-4594-9A1D-E21FA214758C}.Debug|Any CPU.ActiveCfg = Debug|Any CPU
		{A3231497-34C8-4594-9A1D-E21FA214758C}.Debug|Any CPU.Build.0 = Debug|Any CPU
		{A3231497-34C8-4594-9A1D-E21FA214758C}.Release|Any CPU.ActiveCfg = Release|Any CPU
		{A3231497-34C8-4594-9A1D-E21FA214758C}.Release|Any CPU.Build.0 = Release|Any CPU
		{49CC69AC-BE7C-4374-A375-38E18E4408A1}.Debug|Any CPU.ActiveCfg = Debug|Any CPU
		{49CC69AC-BE7C-4374-A375-38E18E4408A1}.Debug|Any CPU.Build.0 = Debug|Any CPU
		{49CC69AC-BE7C-4374-A375-38E18E4408A1}.Release|Any CPU.ActiveCfg = Release|Any CPU
		{49CC69AC-BE7C-4374-A375-38E18E4408A1}.Release|Any CPU.Build.0 = Release|Any CPU
	EndGlobalSection
	GlobalSection(SolutionProperties) = preSolution
		HideSolutionNode = FALSE
	EndGlobalSection
EndGlobal
